
Microsoft Visual Studio Solution File, Format Version 11.00
# Visual Studio 2010
Project("{2150E333-8FDC-42A3-9474-1A3956D46DE8}") = "CMCS.Applets", "CMCS.Applets", "{9A9F0084-A9C6-4D6D-AAEB-4BABA3D91A36}"
EndProject
Project("{2150E333-8FDC-42A3-9474-1A3956D46DE8}") = "CMCS.CarTransport", "CMCS.CarTransport", "{9E285A0B-E3F6-48F4-AE43-1B5B45C3E3CA}"
EndProject
Project("{2150E333-8FDC-42A3-9474-1A3956D46DE8}") = "CMCS.Common", "CMCS.Common", "{F2313739-920F-40BB-92DD-BCF7AF066BEA}"
EndProject
Project("{2150E333-8FDC-42A3-9474-1A3956D46DE8}") = "CMCS.DumblyConcealer", "CMCS.DumblyConcealer", "{473CDA9B-F5B1-4C01-9BDE-463DAF4DD9FC}"
EndProject
Project("{2150E333-8FDC-42A3-9474-1A3956D46DE8}") = "CMCS.Hardware", "CMCS.Hardware", "{46B1954E-9F42-472E-BC01-786B04194B4E}"
EndProject
Project("{2150E333-8FDC-42A3-9474-1A3956D46DE8}") = "CMCS.Monitor", "CMCS.Monitor", "{454742CF-6CD2-442C-9086-8AA023FB006B}"
EndProject
Project("{2150E333-8FDC-42A3-9474-1A3956D46DE8}") = "CMCS.Resources", "CMCS.Resources", "{69CE1BFB-B33C-4EAC-AE7F-1E75187173DB}"
EndProject
Project("{2150E333-8FDC-42A3-9474-1A3956D46DE8}") = "CMCS.Services", "CMCS.Services", "{258D2469-3020-47D7-9EC6-F3514BE81D44}"
	ProjectSection(SolutionItems) = preProject
		CMCS.Services\远程服务.txt = CMCS.Services\远程服务.txt
	EndProjectSection
EndProject
Project("{2150E333-8FDC-42A3-9474-1A3956D46DE8}") = "CMCS.Test", "CMCS.Test", "{925FB182-09CF-441D-84B3-55C57B91A5D2}"
EndProject
Project("{FAE04EC0-301F-11D3-BF4B-00C04F79EFBC}") = "CMCS.EPCEmpower", "CMCS.Applets\CMCS.EPCEmpower\CMCS.EPCEmpower.csproj", "{43DB8909-4655-4DE4-918F-63C0DB22B0E0}"
EndProject
Project("{FAE04EC0-301F-11D3-BF4B-00C04F79EFBC}") = "CMCS.CarTransport", "CMCS.CarTransport\CMCS.CarTransport\CMCS.CarTransport.csproj", "{5ED15A98-0895-48D3-851C-088A217D41E7}"
EndProject
Project("{FAE04EC0-301F-11D3-BF4B-00C04F79EFBC}") = "CMCS.CarTransport.JxSampler", "CMCS.CarTransport\CMCS.CarTransport.JxSampler\CMCS.CarTransport.JxSampler.csproj", "{A521B336-5BE0-4576-97EF-619246CCA6C6}"
EndProject
Project("{FAE04EC0-301F-11D3-BF4B-00C04F79EFBC}") = "CMCS.CarTransport.Out", "CMCS.CarTransport\CMCS.CarTransport.Out\CMCS.CarTransport.Out.csproj", "{360BB332-FB7D-450C-86F9-E06E9C0869BF}"
EndProject
Project("{FAE04EC0-301F-11D3-BF4B-00C04F79EFBC}") = "CMCS.CarTransport.Queue", "CMCS.CarTransport\CMCS.CarTransport.Queue\CMCS.CarTransport.Queue.csproj", "{6D1E6459-D918-445D-AADE-196027A2FF17}"
EndProject
Project("{FAE04EC0-301F-11D3-BF4B-00C04F79EFBC}") = "CMCS.CarTransport.Weighter", "CMCS.CarTransport\CMCS.CarTransport.Weighter\CMCS.CarTransport.Weighter.csproj", "{62D29056-3A63-47B7-AD03-158F9991FAE2}"
EndProject
Project("{FAE04EC0-301F-11D3-BF4B-00C04F79EFBC}") = "CMCS.Common", "CMCS.Common\CMCS.Common\CMCS.Common.csproj", "{7587893A-FEFB-4810-8509-E13A35BBAC35}"
EndProject
Project("{FAE04EC0-301F-11D3-BF4B-00C04F79EFBC}") = "CMCS.DapperDber", "CMCS.Common\CMCS.DapperDber\CMCS.DapperDber.csproj", "{6384F3D5-7CB5-4D1F-8A1F-3FA9B0A78F05}"
EndProject
Project("{FAE04EC0-301F-11D3-BF4B-00C04F79EFBC}") = "CMCS.DotNetBar.Utilities", "CMCS.Common\CMCS.DotNetBar.Utilities\CMCS.DotNetBar.Utilities.csproj", "{AB80688E-8CFE-4E41-AF48-090EEE8553BA}"
EndProject
Project("{FAE04EC0-301F-11D3-BF4B-00C04F79EFBC}") = "CMCS.Forms.UserControls", "CMCS.Common\CMCS.Forms.UserControls\CMCS.Forms.UserControls.csproj", "{543ED9EB-DADE-4694-BA6C-7ECEAA5D135C}"
EndProject
Project("{FAE04EC0-301F-11D3-BF4B-00C04F79EFBC}") = "CMCS.DumblyConcealer", "CMCS.DumblyConcealer\CMCS.DumblyConcealer\CMCS.DumblyConcealer.csproj", "{876E357B-8180-4060-87F5-5D5C11E29E4E}"
EndProject
Project("{FAE04EC0-301F-11D3-BF4B-00C04F79EFBC}") = "CMCS.DumblyConcealer.Win", "CMCS.DumblyConcealer\CMCS.DumblyConcealer.Win\CMCS.DumblyConcealer.Win.csproj", "{19F9E4F5-83A0-412B-A3B5-F39D7CBB37E6}"
EndProject
Project("{FAE04EC0-301F-11D3-BF4B-00C04F79EFBC}") = "BeltBalancer.SM6000", "CMCS.Hardware\BeltBalancer.SM6000\BeltBalancer.SM6000.csproj", "{0DE1E36E-DBB1-435A-A6DD-30552EB7642E}"
EndProject
Project("{FAE04EC0-301F-11D3-BF4B-00C04F79EFBC}") = "HikVisionSDK.Core", "CMCS.Hardware\HikVisionSDK.Core\HikVisionSDK.Core.csproj", "{3C06E562-08C1-44F5-A735-C0A14CC94A7F}"
EndProject
Project("{FAE04EC0-301F-11D3-BF4B-00C04F79EFBC}") = "IOC.JMDM20DIOV2", "CMCS.Hardware\IOC.JMDM20DIOV2\IOC.JMDM20DIOV2.csproj", "{A41DA131-E0C5-46DF-B550-1A5A36C51B64}"
EndProject
Project("{FAE04EC0-301F-11D3-BF4B-00C04F79EFBC}") = "LED.YB14", "CMCS.Hardware\LED.YB14\LED.YB14.csproj", "{85632121-2FB7-46EF-8F72-150DCC71E472}"
EndProject
Project("{FAE04EC0-301F-11D3-BF4B-00C04F79EFBC}") = "RW.LZR12", "CMCS.Hardware\RW.LZR12\RW.LZR12.csproj", "{8396AA11-76D7-423F-86F7-556ACCC767DE}"
EndProject
Project("{FAE04EC0-301F-11D3-BF4B-00C04F79EFBC}") = "RW.LZR12.Net", "CMCS.Hardware\RW.LZR12.Net\RW.LZR12.Net.csproj", "{06B9BF1E-1CB7-46A7-B14E-2039F32DA963}"
EndProject
Project("{FAE04EC0-301F-11D3-BF4B-00C04F79EFBC}") = "RW.UHFReader18", "CMCS.Hardware\RW.UHFReader18\RW.UHFReader18.csproj", "{CAFCC9E5-5134-451A-8B3E-43D4B76E5318}"
EndProject
Project("{FAE04EC0-301F-11D3-BF4B-00C04F79EFBC}") = "SPCL.ZHLF51", "CMCS.Hardware\SPCL.ZHLF51\SPCL.ZHLF51.csproj", "{AA5A8531-83EB-4999-9435-C5FFF391F4CF}"
EndProject
Project("{FAE04EC0-301F-11D3-BF4B-00C04F79EFBC}") = "WB.TOLEDO.IND231", "CMCS.Hardware\Wagon_Meter_TOLEDO_IND231\WB.TOLEDO.IND231.csproj", "{40402C8B-6A76-4B69-9026-65D880668F60}"
EndProject
Project("{FAE04EC0-301F-11D3-BF4B-00C04F79EFBC}") = "WB.TOLEDO.IND245", "CMCS.Hardware\WB.TOLEDO.IND245\WB.TOLEDO.IND245.csproj", "{481548C1-51EB-42C6-AD05-E0364E4A3AAA}"
EndProject
Project("{FAE04EC0-301F-11D3-BF4B-00C04F79EFBC}") = "CMCS.Monitor", "CMCS.Monitor\CMCS.Monitor\CMCS.Monitor.csproj", "{AB7E847F-7643-4983-8728-BDF27D0BF122}"
EndProject
Project("{FAE04EC0-301F-11D3-BF4B-00C04F79EFBC}") = "CMCS.Monitor.Win", "CMCS.Monitor\CMCS.Monitor.Win\CMCS.Monitor.Win.csproj", "{2831363E-5A4E-47FC-89FA-72DC2B73E719}"
EndProject
Project("{FAE04EC0-301F-11D3-BF4B-00C04F79EFBC}") = "CMCS.DataTester", "CMCS.Test\CMCS.DataTester\CMCS.DataTester.csproj", "{A39BDCE8-FDE6-4159-9291-BB933948CA56}"
EndProject
Project("{2150E333-8FDC-42A3-9474-1A3956D46DE8}") = "BasisPlatform", "BasisPlatform", "{63108428-4BA2-46EA-B931-98FE09A85429}"
	ProjectSection(SolutionItems) = preProject
		CMCS.Resources\BasisPlatform\BasisPlatform.dll = CMCS.Resources\BasisPlatform\BasisPlatform.dll
		CMCS.Resources\BasisPlatform\BasisPlatform.Forms.dll = CMCS.Resources\BasisPlatform\BasisPlatform.Forms.dll
		CMCS.Resources\BasisPlatform\BasisPlatform基础dll.txt = CMCS.Resources\BasisPlatform\BasisPlatform基础dll.txt
		CMCS.Resources\BasisPlatform\log4net.config = CMCS.Resources\BasisPlatform\log4net.config
		CMCS.Resources\BasisPlatform\log4net.dll = CMCS.Resources\BasisPlatform\log4net.dll
	EndProjectSection
EndProject
Project("{2150E333-8FDC-42A3-9474-1A3956D46DE8}") = "CefGlue", "CefGlue", "{A02991F1-ED77-442D-9A54-FD744A324C00}"
	ProjectSection(SolutionItems) = preProject
		CMCS.Resources\CefGlue\Webkit内核浏览器.txt = CMCS.Resources\CefGlue\Webkit内核浏览器.txt
	EndProjectSection
EndProject
Project("{2150E333-8FDC-42A3-9474-1A3956D46DE8}") = "DotNetBar", "DotNetBar", "{C14A1E51-4AAD-409E-AFA8-0EAE3D22C02D}"
	ProjectSection(SolutionItems) = preProject
		CMCS.Resources\DotNetBar\DevComponents.DotNetBar.SuperGrid.dll = CMCS.Resources\DotNetBar\DevComponents.DotNetBar.SuperGrid.dll
		CMCS.Resources\DotNetBar\DevComponents.DotNetBar2.dll = CMCS.Resources\DotNetBar\DevComponents.DotNetBar2.dll
		CMCS.Resources\DotNetBar\DevComponents.Instrumentation.dll = CMCS.Resources\DotNetBar\DevComponents.Instrumentation.dll
		CMCS.Resources\DotNetBar\DotNetSpeech.dll = CMCS.Resources\DotNetBar\DotNetSpeech.dll
	EndProjectSection
EndProject
Project("{2150E333-8FDC-42A3-9474-1A3956D46DE8}") = "MySql", "MySql", "{B8CF90A7-E250-4C79-89D0-96745B4882B7}"
	ProjectSection(SolutionItems) = preProject
		CMCS.Resources\MySql\MySql.Data.dll = CMCS.Resources\MySql\MySql.Data.dll
	EndProjectSection
EndProject
Project("{2150E333-8FDC-42A3-9474-1A3956D46DE8}") = "Newtonsoft.Json", "Newtonsoft.Json", "{642A2E4B-DF5C-41AA-B4F7-5A5F3E381C49}"
	ProjectSection(SolutionItems) = preProject
		CMCS.Resources\Newtonsoft.Json\JSON操作组件.txt = CMCS.Resources\Newtonsoft.Json\JSON操作组件.txt
		CMCS.Resources\Newtonsoft.Json\Newtonsoft.Json.dll = CMCS.Resources\Newtonsoft.Json\Newtonsoft.Json.dll
	EndProjectSection
EndProject
Project("{2150E333-8FDC-42A3-9474-1A3956D46DE8}") = "Oracle.ManagedDataAccess", "Oracle.ManagedDataAccess", "{E4DADB6B-ACF2-4373-A2FC-90710384B2A7}"
	ProjectSection(SolutionItems) = preProject
		CMCS.Resources\Oracle.ManagedDataAccess\Oracle.ManagedDataAccess.dll = CMCS.Resources\Oracle.ManagedDataAccess\Oracle.ManagedDataAccess.dll
	EndProjectSection
EndProject
Project("{2150E333-8FDC-42A3-9474-1A3956D46DE8}") = "Other", "Other", "{ECD7247E-2155-44C4-A5CF-5F8A75F43329}"
	ProjectSection(SolutionItems) = preProject
		CMCS.Resources\Other\NPOI.dll = CMCS.Resources\Other\NPOI.dll
	EndProjectSection
EndProject
Project("{FAE04EC0-301F-11D3-BF4B-00C04F79EFBC}") = "LED.YB_Bx5K1", "CMCS.Hardware\LED.YB_Bx5K1\LED.YB_Bx5K1.csproj", "{2E459744-3CC5-478A-A3F7-87748344F6ED}"
EndProject
Project("{FAE04EC0-301F-11D3-BF4B-00C04F79EFBC}") = "WB.JinZhong", "CMCS.Hardware\WB.JingZhong\WB.JinZhong.csproj", "{07F3B1B7-F8EF-4B54-A820-8C89D93D1B16}"
EndProject
Global
	GlobalSection(SolutionConfigurationPlatforms) = preSolution
		Debug|Any CPU = Debug|Any CPU
		Debug|Mixed Platforms = Debug|Mixed Platforms
		Debug|x86 = Debug|x86
		Release|Any CPU = Release|Any CPU
		Release|Mixed Platforms = Release|Mixed Platforms
		Release|x86 = Release|x86
	EndGlobalSection
	GlobalSection(ProjectConfigurationPlatforms) = postSolution
		{43DB8909-4655-4DE4-918F-63C0DB22B0E0}.Debug|Any CPU.ActiveCfg = Debug|x86
		{43DB8909-4655-4DE4-918F-63C0DB22B0E0}.Debug|Mixed Platforms.ActiveCfg = Debug|x86
		{43DB8909-4655-4DE4-918F-63C0DB22B0E0}.Debug|Mixed Platforms.Build.0 = Debug|x86
		{43DB8909-4655-4DE4-918F-63C0DB22B0E0}.Debug|x86.ActiveCfg = Debug|x86
		{43DB8909-4655-4DE4-918F-63C0DB22B0E0}.Debug|x86.Build.0 = Debug|x86
		{43DB8909-4655-4DE4-918F-63C0DB22B0E0}.Release|Any CPU.ActiveCfg = Release|x86
		{43DB8909-4655-4DE4-918F-63C0DB22B0E0}.Release|Mixed Platforms.ActiveCfg = Release|x86
		{43DB8909-4655-4DE4-918F-63C0DB22B0E0}.Release|Mixed Platforms.Build.0 = Release|x86
		{43DB8909-4655-4DE4-918F-63C0DB22B0E0}.Release|x86.ActiveCfg = Release|x86
		{43DB8909-4655-4DE4-918F-63C0DB22B0E0}.Release|x86.Build.0 = Release|x86
		{5ED15A98-0895-48D3-851C-088A217D41E7}.Debug|Any CPU.ActiveCfg = Debug|Any CPU
		{5ED15A98-0895-48D3-851C-088A217D41E7}.Debug|Any CPU.Build.0 = Debug|Any CPU
		{5ED15A98-0895-48D3-851C-088A217D41E7}.Debug|Mixed Platforms.ActiveCfg = Debug|Any CPU
		{5ED15A98-0895-48D3-851C-088A217D41E7}.Debug|Mixed Platforms.Build.0 = Debug|Any CPU
		{5ED15A98-0895-48D3-851C-088A217D41E7}.Debug|x86.ActiveCfg = Debug|Any CPU
		{5ED15A98-0895-48D3-851C-088A217D41E7}.Release|Any CPU.ActiveCfg = Release|Any CPU
		{5ED15A98-0895-48D3-851C-088A217D41E7}.Release|Any CPU.Build.0 = Release|Any CPU
		{5ED15A98-0895-48D3-851C-088A217D41E7}.Release|Mixed Platforms.ActiveCfg = Release|Any CPU
		{5ED15A98-0895-48D3-851C-088A217D41E7}.Release|Mixed Platforms.Build.0 = Release|Any CPU
		{5ED15A98-0895-48D3-851C-088A217D41E7}.Release|x86.ActiveCfg = Release|Any CPU
		{A521B336-5BE0-4576-97EF-619246CCA6C6}.Debug|Any CPU.ActiveCfg = Debug|x86
		{A521B336-5BE0-4576-97EF-619246CCA6C6}.Debug|Mixed Platforms.ActiveCfg = Debug|x86
		{A521B336-5BE0-4576-97EF-619246CCA6C6}.Debug|Mixed Platforms.Build.0 = Debug|x86
		{A521B336-5BE0-4576-97EF-619246CCA6C6}.Debug|x86.ActiveCfg = Debug|x86
		{A521B336-5BE0-4576-97EF-619246CCA6C6}.Debug|x86.Build.0 = Debug|x86
		{A521B336-5BE0-4576-97EF-619246CCA6C6}.Release|Any CPU.ActiveCfg = Release|x86
		{A521B336-5BE0-4576-97EF-619246CCA6C6}.Release|Mixed Platforms.ActiveCfg = Release|x86
		{A521B336-5BE0-4576-97EF-619246CCA6C6}.Release|Mixed Platforms.Build.0 = Release|x86
		{A521B336-5BE0-4576-97EF-619246CCA6C6}.Release|x86.ActiveCfg = Release|x86
		{A521B336-5BE0-4576-97EF-619246CCA6C6}.Release|x86.Build.0 = Release|x86
		{360BB332-FB7D-450C-86F9-E06E9C0869BF}.Debug|Any CPU.ActiveCfg = Debug|x86
		{360BB332-FB7D-450C-86F9-E06E9C0869BF}.Debug|Mixed Platforms.ActiveCfg = Debug|x86
		{360BB332-FB7D-450C-86F9-E06E9C0869BF}.Debug|Mixed Platforms.Build.0 = Debug|x86
		{360BB332-FB7D-450C-86F9-E06E9C0869BF}.Debug|x86.ActiveCfg = Debug|x86
		{360BB332-FB7D-450C-86F9-E06E9C0869BF}.Debug|x86.Build.0 = Debug|x86
		{360BB332-FB7D-450C-86F9-E06E9C0869BF}.Release|Any CPU.ActiveCfg = Release|x86
		{360BB332-FB7D-450C-86F9-E06E9C0869BF}.Release|Mixed Platforms.ActiveCfg = Release|x86
		{360BB332-FB7D-450C-86F9-E06E9C0869BF}.Release|Mixed Platforms.Build.0 = Release|x86
		{360BB332-FB7D-450C-86F9-E06E9C0869BF}.Release|x86.ActiveCfg = Release|x86
		{360BB332-FB7D-450C-86F9-E06E9C0869BF}.Release|x86.Build.0 = Release|x86
		{6D1E6459-D918-445D-AADE-196027A2FF17}.Debug|Any CPU.ActiveCfg = Debug|x86
		{6D1E6459-D918-445D-AADE-196027A2FF17}.Debug|Mixed Platforms.ActiveCfg = Debug|x86
		{6D1E6459-D918-445D-AADE-196027A2FF17}.Debug|Mixed Platforms.Build.0 = Debug|x86
		{6D1E6459-D918-445D-AADE-196027A2FF17}.Debug|x86.ActiveCfg = Debug|x86
		{6D1E6459-D918-445D-AADE-196027A2FF17}.Debug|x86.Build.0 = Debug|x86
		{6D1E6459-D918-445D-AADE-196027A2FF17}.Release|Any CPU.ActiveCfg = Release|x86
		{6D1E6459-D918-445D-AADE-196027A2FF17}.Release|Mixed Platforms.ActiveCfg = Release|x86
		{6D1E6459-D918-445D-AADE-196027A2FF17}.Release|Mixed Platforms.Build.0 = Release|x86
		{6D1E6459-D918-445D-AADE-196027A2FF17}.Release|x86.ActiveCfg = Release|x86
		{6D1E6459-D918-445D-AADE-196027A2FF17}.Release|x86.Build.0 = Release|x86
		{62D29056-3A63-47B7-AD03-158F9991FAE2}.Debug|Any CPU.ActiveCfg = Debug|x86
		{62D29056-3A63-47B7-AD03-158F9991FAE2}.Debug|Mixed Platforms.ActiveCfg = Debug|x86
		{62D29056-3A63-47B7-AD03-158F9991FAE2}.Debug|Mixed Platforms.Build.0 = Debug|x86
		{62D29056-3A63-47B7-AD03-158F9991FAE2}.Debug|x86.ActiveCfg = Debug|x86
		{62D29056-3A63-47B7-AD03-158F9991FAE2}.Debug|x86.Build.0 = Debug|x86
		{62D29056-3A63-47B7-AD03-158F9991FAE2}.Release|Any CPU.ActiveCfg = Release|x86
		{62D29056-3A63-47B7-AD03-158F9991FAE2}.Release|Mixed Platforms.ActiveCfg = Release|x86
		{62D29056-3A63-47B7-AD03-158F9991FAE2}.Release|Mixed Platforms.Build.0 = Release|x86
		{62D29056-3A63-47B7-AD03-158F9991FAE2}.Release|x86.ActiveCfg = Release|x86
		{62D29056-3A63-47B7-AD03-158F9991FAE2}.Release|x86.Build.0 = Release|x86
		{7587893A-FEFB-4810-8509-E13A35BBAC35}.Debug|Any CPU.ActiveCfg = Debug|Any CPU
		{7587893A-FEFB-4810-8509-E13A35BBAC35}.Debug|Any CPU.Build.0 = Debug|Any CPU
		{7587893A-FEFB-4810-8509-E13A35BBAC35}.Debug|Mixed Platforms.ActiveCfg = Debug|Any CPU
		{7587893A-FEFB-4810-8509-E13A35BBAC35}.Debug|Mixed Platforms.Build.0 = Debug|Any CPU
		{7587893A-FEFB-4810-8509-E13A35BBAC35}.Debug|x86.ActiveCfg = Debug|Any CPU
		{7587893A-FEFB-4810-8509-E13A35BBAC35}.Release|Any CPU.ActiveCfg = Release|Any CPU
		{7587893A-FEFB-4810-8509-E13A35BBAC35}.Release|Any CPU.Build.0 = Release|Any CPU
		{7587893A-FEFB-4810-8509-E13A35BBAC35}.Release|Mixed Platforms.ActiveCfg = Release|Any CPU
		{7587893A-FEFB-4810-8509-E13A35BBAC35}.Release|Mixed Platforms.Build.0 = Release|Any CPU
		{7587893A-FEFB-4810-8509-E13A35BBAC35}.Release|x86.ActiveCfg = Release|Any CPU
		{6384F3D5-7CB5-4D1F-8A1F-3FA9B0A78F05}.Debug|Any CPU.ActiveCfg = Debug|Any CPU
		{6384F3D5-7CB5-4D1F-8A1F-3FA9B0A78F05}.Debug|Any CPU.Build.0 = Debug|Any CPU
		{6384F3D5-7CB5-4D1F-8A1F-3FA9B0A78F05}.Debug|Mixed Platforms.ActiveCfg = Debug|Any CPU
		{6384F3D5-7CB5-4D1F-8A1F-3FA9B0A78F05}.Debug|Mixed Platforms.Build.0 = Debug|Any CPU
		{6384F3D5-7CB5-4D1F-8A1F-3FA9B0A78F05}.Debug|x86.ActiveCfg = Debug|Any CPU
		{6384F3D5-7CB5-4D1F-8A1F-3FA9B0A78F05}.Release|Any CPU.ActiveCfg = Release|Any CPU
		{6384F3D5-7CB5-4D1F-8A1F-3FA9B0A78F05}.Release|Any CPU.Build.0 = Release|Any CPU
		{6384F3D5-7CB5-4D1F-8A1F-3FA9B0A78F05}.Release|Mixed Platforms.ActiveCfg = Release|Any CPU
		{6384F3D5-7CB5-4D1F-8A1F-3FA9B0A78F05}.Release|Mixed Platforms.Build.0 = Release|Any CPU
		{6384F3D5-7CB5-4D1F-8A1F-3FA9B0A78F05}.Release|x86.ActiveCfg = Release|Any CPU
		{AB80688E-8CFE-4E41-AF48-090EEE8553BA}.Debug|Any CPU.ActiveCfg = Debug|Any CPU
		{AB80688E-8CFE-4E41-AF48-090EEE8553BA}.Debug|Any CPU.Build.0 = Debug|Any CPU
		{AB80688E-8CFE-4E41-AF48-090EEE8553BA}.Debug|Mixed Platforms.ActiveCfg = Debug|Any CPU
		{AB80688E-8CFE-4E41-AF48-090EEE8553BA}.Debug|Mixed Platforms.Build.0 = Debug|Any CPU
		{AB80688E-8CFE-4E41-AF48-090EEE8553BA}.Debug|x86.ActiveCfg = Debug|Any CPU
		{AB80688E-8CFE-4E41-AF48-090EEE8553BA}.Release|Any CPU.ActiveCfg = Release|Any CPU
		{AB80688E-8CFE-4E41-AF48-090EEE8553BA}.Release|Any CPU.Build.0 = Release|Any CPU
		{AB80688E-8CFE-4E41-AF48-090EEE8553BA}.Release|Mixed Platforms.ActiveCfg = Release|Any CPU
		{AB80688E-8CFE-4E41-AF48-090EEE8553BA}.Release|Mixed Platforms.Build.0 = Release|Any CPU
		{AB80688E-8CFE-4E41-AF48-090EEE8553BA}.Release|x86.ActiveCfg = Release|Any CPU
		{543ED9EB-DADE-4694-BA6C-7ECEAA5D135C}.Debug|Any CPU.ActiveCfg = Debug|Any CPU
		{543ED9EB-DADE-4694-BA6C-7ECEAA5D135C}.Debug|Any CPU.Build.0 = Debug|Any CPU
		{543ED9EB-DADE-4694-BA6C-7ECEAA5D135C}.Debug|Mixed Platforms.ActiveCfg = Debug|Any CPU
		{543ED9EB-DADE-4694-BA6C-7ECEAA5D135C}.Debug|Mixed Platforms.Build.0 = Debug|Any CPU
		{543ED9EB-DADE-4694-BA6C-7ECEAA5D135C}.Debug|x86.ActiveCfg = Debug|Any CPU
		{543ED9EB-DADE-4694-BA6C-7ECEAA5D135C}.Release|Any CPU.ActiveCfg = Release|Any CPU
		{543ED9EB-DADE-4694-BA6C-7ECEAA5D135C}.Release|Any CPU.Build.0 = Release|Any CPU
		{543ED9EB-DADE-4694-BA6C-7ECEAA5D135C}.Release|Mixed Platforms.ActiveCfg = Release|Any CPU
		{543ED9EB-DADE-4694-BA6C-7ECEAA5D135C}.Release|Mixed Platforms.Build.0 = Release|Any CPU
		{543ED9EB-DADE-4694-BA6C-7ECEAA5D135C}.Release|x86.ActiveCfg = Release|Any CPU
		{876E357B-8180-4060-87F5-5D5C11E29E4E}.Debug|Any CPU.ActiveCfg = Debug|Any CPU
		{876E357B-8180-4060-87F5-5D5C11E29E4E}.Debug|Any CPU.Build.0 = Debug|Any CPU
		{876E357B-8180-4060-87F5-5D5C11E29E4E}.Debug|Mixed Platforms.ActiveCfg = Debug|Any CPU
		{876E357B-8180-4060-87F5-5D5C11E29E4E}.Debug|Mixed Platforms.Build.0 = Debug|Any CPU
		{876E357B-8180-4060-87F5-5D5C11E29E4E}.Debug|x86.ActiveCfg = Debug|Any CPU
		{876E357B-8180-4060-87F5-5D5C11E29E4E}.Release|Any CPU.ActiveCfg = Release|Any CPU
		{876E357B-8180-4060-87F5-5D5C11E29E4E}.Release|Any CPU.Build.0 = Release|Any CPU
		{876E357B-8180-4060-87F5-5D5C11E29E4E}.Release|Mixed Platforms.ActiveCfg = Release|Any CPU
		{876E357B-8180-4060-87F5-5D5C11E29E4E}.Release|Mixed Platforms.Build.0 = Release|Any CPU
		{876E357B-8180-4060-87F5-5D5C11E29E4E}.Release|x86.ActiveCfg = Release|Any CPU
		{19F9E4F5-83A0-412B-A3B5-F39D7CBB37E6}.Debug|Any CPU.ActiveCfg = Debug|x86
		{19F9E4F5-83A0-412B-A3B5-F39D7CBB37E6}.Debug|Mixed Platforms.ActiveCfg = Debug|x86
		{19F9E4F5-83A0-412B-A3B5-F39D7CBB37E6}.Debug|Mixed Platforms.Build.0 = Debug|x86
		{19F9E4F5-83A0-412B-A3B5-F39D7CBB37E6}.Debug|x86.ActiveCfg = Debug|x86
		{19F9E4F5-83A0-412B-A3B5-F39D7CBB37E6}.Debug|x86.Build.0 = Debug|x86
		{19F9E4F5-83A0-412B-A3B5-F39D7CBB37E6}.Release|Any CPU.ActiveCfg = Release|x86
		{19F9E4F5-83A0-412B-A3B5-F39D7CBB37E6}.Release|Mixed Platforms.ActiveCfg = Release|x86
		{19F9E4F5-83A0-412B-A3B5-F39D7CBB37E6}.Release|Mixed Platforms.Build.0 = Release|x86
		{19F9E4F5-83A0-412B-A3B5-F39D7CBB37E6}.Release|x86.ActiveCfg = Release|x86
		{19F9E4F5-83A0-412B-A3B5-F39D7CBB37E6}.Release|x86.Build.0 = Release|x86
		{0DE1E36E-DBB1-435A-A6DD-30552EB7642E}.Debug|Any CPU.ActiveCfg = Debug|Any CPU
		{0DE1E36E-DBB1-435A-A6DD-30552EB7642E}.Debug|Any CPU.Build.0 = Debug|Any CPU
		{0DE1E36E-DBB1-435A-A6DD-30552EB7642E}.Debug|Mixed Platforms.ActiveCfg = Debug|Any CPU
		{0DE1E36E-DBB1-435A-A6DD-30552EB7642E}.Debug|Mixed Platforms.Build.0 = Debug|Any CPU
		{0DE1E36E-DBB1-435A-A6DD-30552EB7642E}.Debug|x86.ActiveCfg = Debug|Any CPU
		{0DE1E36E-DBB1-435A-A6DD-30552EB7642E}.Release|Any CPU.ActiveCfg = Release|Any CPU
		{0DE1E36E-DBB1-435A-A6DD-30552EB7642E}.Release|Any CPU.Build.0 = Release|Any CPU
		{0DE1E36E-DBB1-435A-A6DD-30552EB7642E}.Release|Mixed Platforms.ActiveCfg = Release|Any CPU
		{0DE1E36E-DBB1-435A-A6DD-30552EB7642E}.Release|Mixed Platforms.Build.0 = Release|Any CPU
		{0DE1E36E-DBB1-435A-A6DD-30552EB7642E}.Release|x86.ActiveCfg = Release|Any CPU
		{3C06E562-08C1-44F5-A735-C0A14CC94A7F}.Debug|Any CPU.ActiveCfg = Debug|Any CPU
		{3C06E562-08C1-44F5-A735-C0A14CC94A7F}.Debug|Any CPU.Build.0 = Debug|Any CPU
		{3C06E562-08C1-44F5-A735-C0A14CC94A7F}.Debug|Mixed Platforms.ActiveCfg = Debug|Any CPU
		{3C06E562-08C1-44F5-A735-C0A14CC94A7F}.Debug|Mixed Platforms.Build.0 = Debug|Any CPU
		{3C06E562-08C1-44F5-A735-C0A14CC94A7F}.Debug|x86.ActiveCfg = Debug|Any CPU
		{3C06E562-08C1-44F5-A735-C0A14CC94A7F}.Release|Any CPU.ActiveCfg = Release|Any CPU
		{3C06E562-08C1-44F5-A735-C0A14CC94A7F}.Release|Any CPU.Build.0 = Release|Any CPU
		{3C06E562-08C1-44F5-A735-C0A14CC94A7F}.Release|Mixed Platforms.ActiveCfg = Release|Any CPU
		{3C06E562-08C1-44F5-A735-C0A14CC94A7F}.Release|Mixed Platforms.Build.0 = Release|Any CPU
		{3C06E562-08C1-44F5-A735-C0A14CC94A7F}.Release|x86.ActiveCfg = Release|Any CPU
		{A41DA131-E0C5-46DF-B550-1A5A36C51B64}.Debug|Any CPU.ActiveCfg = Debug|Any CPU
		{A41DA131-E0C5-46DF-B550-1A5A36C51B64}.Debug|Any CPU.Build.0 = Debug|Any CPU
		{A41DA131-E0C5-46DF-B550-1A5A36C51B64}.Debug|Mixed Platforms.ActiveCfg = Debug|Any CPU
		{A41DA131-E0C5-46DF-B550-1A5A36C51B64}.Debug|Mixed Platforms.Build.0 = Debug|Any CPU
		{A41DA131-E0C5-46DF-B550-1A5A36C51B64}.Debug|x86.ActiveCfg = Debug|Any CPU
		{A41DA131-E0C5-46DF-B550-1A5A36C51B64}.Release|Any CPU.ActiveCfg = Release|Any CPU
		{A41DA131-E0C5-46DF-B550-1A5A36C51B64}.Release|Any CPU.Build.0 = Release|Any CPU
		{A41DA131-E0C5-46DF-B550-1A5A36C51B64}.Release|Mixed Platforms.ActiveCfg = Release|Any CPU
		{A41DA131-E0C5-46DF-B550-1A5A36C51B64}.Release|Mixed Platforms.Build.0 = Release|Any CPU
		{A41DA131-E0C5-46DF-B550-1A5A36C51B64}.Release|x86.ActiveCfg = Release|Any CPU
		{85632121-2FB7-46EF-8F72-150DCC71E472}.Debug|Any CPU.ActiveCfg = Debug|Any CPU
		{85632121-2FB7-46EF-8F72-150DCC71E472}.Debug|Any CPU.Build.0 = Debug|Any CPU
		{85632121-2FB7-46EF-8F72-150DCC71E472}.Debug|Mixed Platforms.ActiveCfg = Debug|Any CPU
		{85632121-2FB7-46EF-8F72-150DCC71E472}.Debug|Mixed Platforms.Build.0 = Debug|Any CPU
		{85632121-2FB7-46EF-8F72-150DCC71E472}.Debug|x86.ActiveCfg = Debug|Any CPU
		{85632121-2FB7-46EF-8F72-150DCC71E472}.Release|Any CPU.ActiveCfg = Release|Any CPU
		{85632121-2FB7-46EF-8F72-150DCC71E472}.Release|Any CPU.Build.0 = Release|Any CPU
		{85632121-2FB7-46EF-8F72-150DCC71E472}.Release|Mixed Platforms.ActiveCfg = Release|Any CPU
		{85632121-2FB7-46EF-8F72-150DCC71E472}.Release|Mixed Platforms.Build.0 = Release|Any CPU
		{85632121-2FB7-46EF-8F72-150DCC71E472}.Release|x86.ActiveCfg = Release|Any CPU
		{8396AA11-76D7-423F-86F7-556ACCC767DE}.Debug|Any CPU.ActiveCfg = Debug|Any CPU
		{8396AA11-76D7-423F-86F7-556ACCC767DE}.Debug|Any CPU.Build.0 = Debug|Any CPU
		{8396AA11-76D7-423F-86F7-556ACCC767DE}.Debug|Mixed Platforms.ActiveCfg = Debug|Any CPU
		{8396AA11-76D7-423F-86F7-556ACCC767DE}.Debug|Mixed Platforms.Build.0 = Debug|Any CPU
		{8396AA11-76D7-423F-86F7-556ACCC767DE}.Debug|x86.ActiveCfg = Debug|Any CPU
		{8396AA11-76D7-423F-86F7-556ACCC767DE}.Release|Any CPU.ActiveCfg = Release|Any CPU
		{8396AA11-76D7-423F-86F7-556ACCC767DE}.Release|Any CPU.Build.0 = Release|Any CPU
		{8396AA11-76D7-423F-86F7-556ACCC767DE}.Release|Mixed Platforms.ActiveCfg = Release|Any CPU
		{8396AA11-76D7-423F-86F7-556ACCC767DE}.Release|Mixed Platforms.Build.0 = Release|Any CPU
		{8396AA11-76D7-423F-86F7-556ACCC767DE}.Release|x86.ActiveCfg = Release|Any CPU
		{06B9BF1E-1CB7-46A7-B14E-2039F32DA963}.Debug|Any CPU.ActiveCfg = Debug|Any CPU
		{06B9BF1E-1CB7-46A7-B14E-2039F32DA963}.Debug|Any CPU.Build.0 = Debug|Any CPU
		{06B9BF1E-1CB7-46A7-B14E-2039F32DA963}.Debug|Mixed Platforms.ActiveCfg = Debug|Any CPU
		{06B9BF1E-1CB7-46A7-B14E-2039F32DA963}.Debug|Mixed Platforms.Build.0 = Debug|Any CPU
		{06B9BF1E-1CB7-46A7-B14E-2039F32DA963}.Debug|x86.ActiveCfg = Debug|Any CPU
		{06B9BF1E-1CB7-46A7-B14E-2039F32DA963}.Release|Any CPU.ActiveCfg = Release|Any CPU
		{06B9BF1E-1CB7-46A7-B14E-2039F32DA963}.Release|Any CPU.Build.0 = Release|Any CPU
		{06B9BF1E-1CB7-46A7-B14E-2039F32DA963}.Release|Mixed Platforms.ActiveCfg = Release|Any CPU
		{06B9BF1E-1CB7-46A7-B14E-2039F32DA963}.Release|Mixed Platforms.Build.0 = Release|Any CPU
		{06B9BF1E-1CB7-46A7-B14E-2039F32DA963}.Release|x86.ActiveCfg = Release|Any CPU
		{CAFCC9E5-5134-451A-8B3E-43D4B76E5318}.Debug|Any CPU.ActiveCfg = Debug|Any CPU
		{CAFCC9E5-5134-451A-8B3E-43D4B76E5318}.Debug|Any CPU.Build.0 = Debug|Any CPU
		{CAFCC9E5-5134-451A-8B3E-43D4B76E5318}.Debug|Mixed Platforms.ActiveCfg = Debug|Any CPU
		{CAFCC9E5-5134-451A-8B3E-43D4B76E5318}.Debug|Mixed Platforms.Build.0 = Debug|Any CPU
		{CAFCC9E5-5134-451A-8B3E-43D4B76E5318}.Debug|x86.ActiveCfg = Debug|Any CPU
		{CAFCC9E5-5134-451A-8B3E-43D4B76E5318}.Release|Any CPU.ActiveCfg = Release|Any CPU
		{CAFCC9E5-5134-451A-8B3E-43D4B76E5318}.Release|Any CPU.Build.0 = Release|Any CPU
		{CAFCC9E5-5134-451A-8B3E-43D4B76E5318}.Release|Mixed Platforms.ActiveCfg = Release|Any CPU
		{CAFCC9E5-5134-451A-8B3E-43D4B76E5318}.Release|Mixed Platforms.Build.0 = Release|Any CPU
		{CAFCC9E5-5134-451A-8B3E-43D4B76E5318}.Release|x86.ActiveCfg = Release|Any CPU
		{AA5A8531-83EB-4999-9435-C5FFF391F4CF}.Debug|Any CPU.ActiveCfg = Debug|Any CPU
		{AA5A8531-83EB-4999-9435-C5FFF391F4CF}.Debug|Any CPU.Build.0 = Debug|Any CPU
		{AA5A8531-83EB-4999-9435-C5FFF391F4CF}.Debug|Mixed Platforms.ActiveCfg = Debug|Any CPU
		{AA5A8531-83EB-4999-9435-C5FFF391F4CF}.Debug|Mixed Platforms.Build.0 = Debug|Any CPU
		{AA5A8531-83EB-4999-9435-C5FFF391F4CF}.Debug|x86.ActiveCfg = Debug|Any CPU
		{AA5A8531-83EB-4999-9435-C5FFF391F4CF}.Release|Any CPU.ActiveCfg = Release|Any CPU
		{AA5A8531-83EB-4999-9435-C5FFF391F4CF}.Release|Any CPU.Build.0 = Release|Any CPU
		{AA5A8531-83EB-4999-9435-C5FFF391F4CF}.Release|Mixed Platforms.ActiveCfg = Release|Any CPU
		{AA5A8531-83EB-4999-9435-C5FFF391F4CF}.Release|Mixed Platforms.Build.0 = Release|Any CPU
		{AA5A8531-83EB-4999-9435-C5FFF391F4CF}.Release|x86.ActiveCfg = Release|Any CPU
		{40402C8B-6A76-4B69-9026-65D880668F60}.Debug|Any CPU.ActiveCfg = Debug|Any CPU
		{40402C8B-6A76-4B69-9026-65D880668F60}.Debug|Any CPU.Build.0 = Debug|Any CPU
		{40402C8B-6A76-4B69-9026-65D880668F60}.Debug|Mixed Platforms.ActiveCfg = Debug|Any CPU
		{40402C8B-6A76-4B69-9026-65D880668F60}.Debug|Mixed Platforms.Build.0 = Debug|Any CPU
		{40402C8B-6A76-4B69-9026-65D880668F60}.Debug|x86.ActiveCfg = Debug|Any CPU
		{40402C8B-6A76-4B69-9026-65D880668F60}.Release|Any CPU.ActiveCfg = Release|Any CPU
		{40402C8B-6A76-4B69-9026-65D880668F60}.Release|Any CPU.Build.0 = Release|Any CPU
		{40402C8B-6A76-4B69-9026-65D880668F60}.Release|Mixed Platforms.ActiveCfg = Release|Any CPU
		{40402C8B-6A76-4B69-9026-65D880668F60}.Release|Mixed Platforms.Build.0 = Release|Any CPU
		{40402C8B-6A76-4B69-9026-65D880668F60}.Release|x86.ActiveCfg = Release|Any CPU
		{481548C1-51EB-42C6-AD05-E0364E4A3AAA}.Debug|Any CPU.ActiveCfg = Debug|Any CPU
		{481548C1-51EB-42C6-AD05-E0364E4A3AAA}.Debug|Any CPU.Build.0 = Debug|Any CPU
		{481548C1-51EB-42C6-AD05-E0364E4A3AAA}.Debug|Mixed Platforms.ActiveCfg = Debug|Any CPU
		{481548C1-51EB-42C6-AD05-E0364E4A3AAA}.Debug|Mixed Platforms.Build.0 = Debug|Any CPU
		{481548C1-51EB-42C6-AD05-E0364E4A3AAA}.Debug|x86.ActiveCfg = Debug|Any CPU
		{481548C1-51EB-42C6-AD05-E0364E4A3AAA}.Release|Any CPU.ActiveCfg = Release|Any CPU
		{481548C1-51EB-42C6-AD05-E0364E4A3AAA}.Release|Any CPU.Build.0 = Release|Any CPU
		{481548C1-51EB-42C6-AD05-E0364E4A3AAA}.Release|Mixed Platforms.ActiveCfg = Release|Any CPU
		{481548C1-51EB-42C6-AD05-E0364E4A3AAA}.Release|Mixed Platforms.Build.0 = Release|Any CPU
		{481548C1-51EB-42C6-AD05-E0364E4A3AAA}.Release|x86.ActiveCfg = Release|Any CPU
		{AB7E847F-7643-4983-8728-BDF27D0BF122}.Debug|Any CPU.ActiveCfg = Debug|Any CPU
		{AB7E847F-7643-4983-8728-BDF27D0BF122}.Debug|Any CPU.Build.0 = Debug|Any CPU
		{AB7E847F-7643-4983-8728-BDF27D0BF122}.Debug|Mixed Platforms.ActiveCfg = Debug|Any CPU
		{AB7E847F-7643-4983-8728-BDF27D0BF122}.Debug|Mixed Platforms.Build.0 = Debug|Any CPU
		{AB7E847F-7643-4983-8728-BDF27D0BF122}.Debug|x86.ActiveCfg = Debug|Any CPU
		{AB7E847F-7643-4983-8728-BDF27D0BF122}.Release|Any CPU.ActiveCfg = Release|Any CPU
		{AB7E847F-7643-4983-8728-BDF27D0BF122}.Release|Any CPU.Build.0 = Release|Any CPU
		{AB7E847F-7643-4983-8728-BDF27D0BF122}.Release|Mixed Platforms.ActiveCfg = Release|Any CPU
		{AB7E847F-7643-4983-8728-BDF27D0BF122}.Release|Mixed Platforms.Build.0 = Release|Any CPU
		{AB7E847F-7643-4983-8728-BDF27D0BF122}.Release|x86.ActiveCfg = Release|Any CPU
		{2831363E-5A4E-47FC-89FA-72DC2B73E719}.Debug|Any CPU.ActiveCfg = Debug|x86
		{2831363E-5A4E-47FC-89FA-72DC2B73E719}.Debug|Mixed Platforms.ActiveCfg = Debug|x86
		{2831363E-5A4E-47FC-89FA-72DC2B73E719}.Debug|Mixed Platforms.Build.0 = Debug|x86
		{2831363E-5A4E-47FC-89FA-72DC2B73E719}.Debug|x86.ActiveCfg = Debug|x86
		{2831363E-5A4E-47FC-89FA-72DC2B73E719}.Debug|x86.Build.0 = Debug|x86
		{2831363E-5A4E-47FC-89FA-72DC2B73E719}.Release|Any CPU.ActiveCfg = Release|x86
		{2831363E-5A4E-47FC-89FA-72DC2B73E719}.Release|Mixed Platforms.ActiveCfg = Release|x86
		{2831363E-5A4E-47FC-89FA-72DC2B73E719}.Release|Mixed Platforms.Build.0 = Release|x86
		{2831363E-5A4E-47FC-89FA-72DC2B73E719}.Release|x86.ActiveCfg = Release|x86
		{2831363E-5A4E-47FC-89FA-72DC2B73E719}.Release|x86.Build.0 = Release|x86
		{A39BDCE8-FDE6-4159-9291-BB933948CA56}.Debug|Any CPU.ActiveCfg = Debug|x86
		{A39BDCE8-FDE6-4159-9291-BB933948CA56}.Debug|Mixed Platforms.ActiveCfg = Debug|x86
		{A39BDCE8-FDE6-4159-9291-BB933948CA56}.Debug|Mixed Platforms.Build.0 = Debug|x86
		{A39BDCE8-FDE6-4159-9291-BB933948CA56}.Debug|x86.ActiveCfg = Debug|x86
		{A39BDCE8-FDE6-4159-9291-BB933948CA56}.Debug|x86.Build.0 = Debug|x86
		{A39BDCE8-FDE6-4159-9291-BB933948CA56}.Release|Any CPU.ActiveCfg = Release|x86
		{A39BDCE8-FDE6-4159-9291-BB933948CA56}.Release|Mixed Platforms.ActiveCfg = Release|x86
		{A39BDCE8-FDE6-4159-9291-BB933948CA56}.Release|Mixed Platforms.Build.0 = Release|x86
		{A39BDCE8-FDE6-4159-9291-BB933948CA56}.Release|x86.ActiveCfg = Release|x86
		{A39BDCE8-FDE6-4159-9291-BB933948CA56}.Release|x86.Build.0 = Release|x86
		{2E459744-3CC5-478A-A3F7-87748344F6ED}.Debug|Any CPU.ActiveCfg = Debug|Any CPU
		{2E459744-3CC5-478A-A3F7-87748344F6ED}.Debug|Any CPU.Build.0 = Debug|Any CPU
		{2E459744-3CC5-478A-A3F7-87748344F6ED}.Debug|Mixed Platforms.ActiveCfg = Debug|Any CPU
		{2E459744-3CC5-478A-A3F7-87748344F6ED}.Debug|Mixed Platforms.Build.0 = Debug|Any CPU
		{2E459744-3CC5-478A-A3F7-87748344F6ED}.Debug|x86.ActiveCfg = Debug|Any CPU
		{2E459744-3CC5-478A-A3F7-87748344F6ED}.Debug|x86.Build.0 = Debug|Any CPU
		{2E459744-3CC5-478A-A3F7-87748344F6ED}.Release|Any CPU.ActiveCfg = Release|Any CPU
		{2E459744-3CC5-478A-A3F7-87748344F6ED}.Release|Any CPU.Build.0 = Release|Any CPU
		{2E459744-3CC5-478A-A3F7-87748344F6ED}.Release|Mixed Platforms.ActiveCfg = Release|Any CPU
		{2E459744-3CC5-478A-A3F7-87748344F6ED}.Release|Mixed Platforms.Build.0 = Release|Any CPU
		{2E459744-3CC5-478A-A3F7-87748344F6ED}.Release|x86.ActiveCfg = Release|Any CPU
		{2E459744-3CC5-478A-A3F7-87748344F6ED}.Release|x86.Build.0 = Release|Any CPU
		{07F3B1B7-F8EF-4B54-A820-8C89D93D1B16}.Debug|Any CPU.ActiveCfg = Debug|Any CPU
		{07F3B1B7-F8EF-4B54-A820-8C89D93D1B16}.Debug|Any CPU.Build.0 = Debug|Any CPU
		{07F3B1B7-F8EF-4B54-A820-8C89D93D1B16}.Debug|Mixed Platforms.ActiveCfg = Debug|Any CPU
		{07F3B1B7-F8EF-4B54-A820-8C89D93D1B16}.Debug|Mixed Platforms.Build.0 = Debug|Any CPU
		{07F3B1B7-F8EF-4B54-A820-8C89D93D1B16}.Debug|x86.ActiveCfg = Debug|Any CPU
		{07F3B1B7-F8EF-4B54-A820-8C89D93D1B16}.Release|Any CPU.ActiveCfg = Release|Any CPU
		{07F3B1B7-F8EF-4B54-A820-8C89D93D1B16}.Release|Any CPU.Build.0 = Release|Any CPU
		{07F3B1B7-F8EF-4B54-A820-8C89D93D1B16}.Release|Mixed Platforms.ActiveCfg = Release|Any CPU
		{07F3B1B7-F8EF-4B54-A820-8C89D93D1B16}.Release|Mixed Platforms.Build.0 = Release|Any CPU
		{07F3B1B7-F8EF-4B54-A820-8C89D93D1B16}.Release|x86.ActiveCfg = Release|Any CPU
	EndGlobalSection
	GlobalSection(SolutionProperties) = preSolution
		HideSolutionNode = FALSE
	EndGlobalSection
	GlobalSection(NestedProjects) = preSolution
		{43DB8909-4655-4DE4-918F-63C0DB22B0E0} = {9A9F0084-A9C6-4D6D-AAEB-4BABA3D91A36}
		{5ED15A98-0895-48D3-851C-088A217D41E7} = {9E285A0B-E3F6-48F4-AE43-1B5B45C3E3CA}
		{A521B336-5BE0-4576-97EF-619246CCA6C6} = {9E285A0B-E3F6-48F4-AE43-1B5B45C3E3CA}
		{360BB332-FB7D-450C-86F9-E06E9C0869BF} = {9E285A0B-E3F6-48F4-AE43-1B5B45C3E3CA}
		{6D1E6459-D918-445D-AADE-196027A2FF17} = {9E285A0B-E3F6-48F4-AE43-1B5B45C3E3CA}
		{62D29056-3A63-47B7-AD03-158F9991FAE2} = {9E285A0B-E3F6-48F4-AE43-1B5B45C3E3CA}
		{7587893A-FEFB-4810-8509-E13A35BBAC35} = {F2313739-920F-40BB-92DD-BCF7AF066BEA}
		{6384F3D5-7CB5-4D1F-8A1F-3FA9B0A78F05} = {F2313739-920F-40BB-92DD-BCF7AF066BEA}
		{AB80688E-8CFE-4E41-AF48-090EEE8553BA} = {F2313739-920F-40BB-92DD-BCF7AF066BEA}
		{543ED9EB-DADE-4694-BA6C-7ECEAA5D135C} = {F2313739-920F-40BB-92DD-BCF7AF066BEA}
		{876E357B-8180-4060-87F5-5D5C11E29E4E} = {473CDA9B-F5B1-4C01-9BDE-463DAF4DD9FC}
		{19F9E4F5-83A0-412B-A3B5-F39D7CBB37E6} = {473CDA9B-F5B1-4C01-9BDE-463DAF4DD9FC}
		{0DE1E36E-DBB1-435A-A6DD-30552EB7642E} = {46B1954E-9F42-472E-BC01-786B04194B4E}
		{3C06E562-08C1-44F5-A735-C0A14CC94A7F} = {46B1954E-9F42-472E-BC01-786B04194B4E}
		{A41DA131-E0C5-46DF-B550-1A5A36C51B64} = {46B1954E-9F42-472E-BC01-786B04194B4E}
		{85632121-2FB7-46EF-8F72-150DCC71E472} = {46B1954E-9F42-472E-BC01-786B04194B4E}
		{8396AA11-76D7-423F-86F7-556ACCC767DE} = {46B1954E-9F42-472E-BC01-786B04194B4E}
		{06B9BF1E-1CB7-46A7-B14E-2039F32DA963} = {46B1954E-9F42-472E-BC01-786B04194B4E}
		{CAFCC9E5-5134-451A-8B3E-43D4B76E5318} = {46B1954E-9F42-472E-BC01-786B04194B4E}
		{AA5A8531-83EB-4999-9435-C5FFF391F4CF} = {46B1954E-9F42-472E-BC01-786B04194B4E}
		{40402C8B-6A76-4B69-9026-65D880668F60} = {46B1954E-9F42-472E-BC01-786B04194B4E}
		{481548C1-51EB-42C6-AD05-E0364E4A3AAA} = {46B1954E-9F42-472E-BC01-786B04194B4E}
		{2E459744-3CC5-478A-A3F7-87748344F6ED} = {46B1954E-9F42-472E-BC01-786B04194B4E}
		{07F3B1B7-F8EF-4B54-A820-8C89D93D1B16} = {46B1954E-9F42-472E-BC01-786B04194B4E}
		{AB7E847F-7643-4983-8728-BDF27D0BF122} = {454742CF-6CD2-442C-9086-8AA023FB006B}
		{2831363E-5A4E-47FC-89FA-72DC2B73E719} = {454742CF-6CD2-442C-9086-8AA023FB006B}
		{63108428-4BA2-46EA-B931-98FE09A85429} = {69CE1BFB-B33C-4EAC-AE7F-1E75187173DB}
		{A02991F1-ED77-442D-9A54-FD744A324C00} = {69CE1BFB-B33C-4EAC-AE7F-1E75187173DB}
		{C14A1E51-4AAD-409E-AFA8-0EAE3D22C02D} = {69CE1BFB-B33C-4EAC-AE7F-1E75187173DB}
		{B8CF90A7-E250-4C79-89D0-96745B4882B7} = {69CE1BFB-B33C-4EAC-AE7F-1E75187173DB}
		{642A2E4B-DF5C-41AA-B4F7-5A5F3E381C49} = {69CE1BFB-B33C-4EAC-AE7F-1E75187173DB}
		{E4DADB6B-ACF2-4373-A2FC-90710384B2A7} = {69CE1BFB-B33C-4EAC-AE7F-1E75187173DB}
		{ECD7247E-2155-44C4-A5CF-5F8A75F43329} = {69CE1BFB-B33C-4EAC-AE7F-1E75187173DB}
		{A39BDCE8-FDE6-4159-9291-BB933948CA56} = {925FB182-09CF-441D-84B3-55C57B91A5D2}
	EndGlobalSection
	GlobalSection(ExtensibilityGlobals) = postSolution
		SolutionGuid = {C24EF924-C7EE-43C0-B5CC-DF49F23A7542}
	EndGlobalSection
EndGlobal
